// !$*UTF8*$!
{
	archiveVersion = 1;
	classes = {
	};
	objectVersion = 46;
	objects = {

/* Begin PBXBuildFile section */
		7C3A55961E384E4F00F9BB2E /* colores.swift in Sources */ = {isa = PBXBuildFile; fileRef = 7C3A55951E384E4F00F9BB2E /* colores.swift */; };
		7CBD57A31E36E0830053A449 /* AppDelegate.swift in Sources */ = {isa = PBXBuildFile; fileRef = 7CBD57A21E36E0830053A449 /* AppDelegate.swift */; };
		7CBD57A51E36E0830053A449 /* ViewController.swift in Sources */ = {isa = PBXBuildFile; fileRef = 7CBD57A41E36E0830053A449 /* ViewController.swift */; };
		7CBD57A81E36E0840053A449 /* Main.storyboard in Resources */ = {isa = PBXBuildFile; fileRef = 7CBD57A61E36E0840053A449 /* Main.storyboard */; };
		7CBD57AA1E36E0840053A449 /* Assets.xcassets in Resources */ = {isa = PBXBuildFile; fileRef = 7CBD57A91E36E0840053A449 /* Assets.xcassets */; };
		7CBD57AD1E36E0840053A449 /* LaunchScreen.storyboard in Resources */ = {isa = PBXBuildFile; fileRef = 7CBD57AB1E36E0840053A449 /* LaunchScreen.storyboard */; };
		7CBD57B71E36E1480053A449 /* datos.swift in Sources */ = {isa = PBXBuildFile; fileRef = 7CBD57B61E36E1480053A449 /* datos.swift */; };
/* End PBXBuildFile section */

/* Begin PBXFileReference section */
		7C3A55951E384E4F00F9BB2E /* colores.swift */ = {isa = PBXFileReference; fileEncoding = 4; lastKnownFileType = sourcecode.swift; path = colores.swift; sourceTree = "<group>"; };
		7CBD579F1E36E0830053A449 /* Hamburguesas.app */ = {isa = PBXFileReference; explicitFileType = wrapper.application; includeInIndex = 0; path = Hamburguesas.app; sourceTree = BUILT_PRODUCTS_DIR; };
		7CBD57A21E36E0830053A449 /* AppDelegate.swift */ = {isa = PBXFileReference; lastKnownFileType = sourcecode.swift; path = AppDelegate.swift; sourceTree = "<group>"; };
		7CBD57A41E36E0830053A449 /* ViewController.swift */ = {isa = PBXFileReference; lastKnownFileType = sourcecode.swift; path = ViewController.swift; sourceTree = "<group>"; };
		7CBD57A71E36E0840053A449 /* Base */ = {isa = PBXFileReference; lastKnownFileType = file.storyboard; name = Base; path = Base.lproj/Main.storyboard; sourceTree = "<group>"; };
		7CBD57A91E36E0840053A449 /* Assets.xcassets */ = {isa = PBXFileReference; lastKnownFileType = folder.assetcatalog; path = Assets.xcassets; sourceTree = "<group>"; };
		7CBD57AC1E36E0840053A449 /* Base */ = {isa = PBXFileReference; lastKnownFileType = file.storyboard; name = Base; path = Base.lproj/LaunchScreen.storyboard; sourceTree = "<group>"; };
		7CBD57AE1E36E0840053A449 /* Info.plist */ = {isa = PBXFileReference; lastKnownFileType = text.plist.xml; path = Info.plist; sourceTree = "<group>"; };
		7CBD57B41E36E1040053A449 /* HamburguesasPlay.playground */ = {isa = PBXFileReference; lastKnownFileType = file.playground; path = HamburguesasPlay.playground; sourceTree = "<group>"; };
		7CBD57B61E36E1480053A449 /* datos.swift */ = {isa = PBXFileReference; fileEncoding = 4; lastKnownFileType = sourcecode.swift; path = datos.swift; sourceTree = "<group>"; };
/* End PBXFileReference section */

/* Begin PBXFrameworksBuildPhase section */
		7CBD579C1E36E0830053A449 /* Frameworks */ = {
			isa = PBXFrameworksBuildPhase;
			buildActionMask = 2147483647;
			files = (
			);
			runOnlyForDeploymentPostprocessing = 0;
		};
/* End PBXFrameworksBuildPhase section */

/* Begin PBXGroup section */
		7CBD57961E36E0830053A449 = {
			isa = PBXGroup;
			children = (
				7CBD57A11E36E0830053A449 /* Hamburguesas */,
				7CBD57A01E36E0830053A449 /* Products */,
			);
			sourceTree = "<group>";
		};
		7CBD57A01E36E0830053A449 /* Products */ = {
			isa = PBXGroup;
			children = (
				7CBD579F1E36E0830053A449 /* Hamburguesas.app */,
			);
			name = Products;
			sourceTree = "<group>";
		};
		7CBD57A11E36E0830053A449 /* Hamburguesas */ = {
			isa = PBXGroup;
			children = (
				7CBD57A21E36E0830053A449 /* AppDelegate.swift */,
				7CBD57A41E36E0830053A449 /* ViewController.swift */,
				7CBD57A61E36E0840053A449 /* Main.storyboard */,
				7CBD57A91E36E0840053A449 /* Assets.xcassets */,
				7CBD57AB1E36E0840053A449 /* LaunchScreen.storyboard */,
				7CBD57AE1E36E0840053A449 /* Info.plist */,
				7CBD57B61E36E1480053A449 /* datos.swift */,
				7C3A55951E384E4F00F9BB2E /* colores.swift */,
				7CBD57B51E36E1110053A449 /* Playground */,
			);
			path = Hamburguesas;
			sourceTree = "<group>";
		};
		7CBD57B51E36E1110053A449 /* Playground */ = {
			isa = PBXGroup;
			children = (
				7CBD57B41E36E1040053A449 /* HamburguesasPlay.playground */,
			);
			name = Playground;
			sourceTree = "<group>";
		};
/* End PBXGroup section */

/* Begin PBXNativeTarget section */
		7CBD579E1E36E0830053A449 /* Hamburguesas */ = {
			isa = PBXNativeTarget;
			buildConfigurationList = 7CBD57B11E36E0840053A449 /* Build configuration list for PBXNativeTarget "Hamburguesas" */;
			buildPhases = (
				7CBD579B1E36E0830053A449 /* Sources */,
				7CBD579C1E36E0830053A449 /* Frameworks */,
				7CBD579D1E36E0830053A449 /* Resources */,
			);
			buildRules = (
			);
			dependencies = (
			);
			name = Hamburguesas;
			productName = Hamburguesas;
			productReference = 7CBD579F1E36E0830053A449 /* Hamburguesas.app */;
			productType = "com.apple.product-type.application";
		};
/* End PBXNativeTarget section */

/* Begin PBXProject section */
		7CBD57971E36E0830053A449 /* Project object */ = {
			isa = PBXProject;
			attributes = {
				LastSwiftUpdateCheck = 0810;
				LastUpgradeCheck = 0820;
				ORGANIZATIONNAME = ESPINORAX;
				TargetAttributes = {
					7CBD579E1E36E0830053A449 = {
						CreatedOnToolsVersion = 8.1;
						ProvisioningStyle = Automatic;
					};
				};
			};
			buildConfigurationList = 7CBD579A1E36E0830053A449 /* Build configuration list for PBXProject "Hamburguesas" */;
			compatibilityVersion = "Xcode 3.2";
			developmentRegion = English;
			hasScannedForEncodings = 0;
			knownRegions = (
				en,
				Base,
			);
			mainGroup = 7CBD57961E36E0830053A449;
			productRefGroup = 7CBD57A01E36E0830053A449 /* Products */;
			projectDirPath = "";
			projectRoot = "";
			targets = (
				7CBD579E1E36E0830053A449 /* Hamburguesas */,
			);
		};
/* End PBXProject section */

/* Begin PBXResourcesBuildPhase section */
		7CBD579D1E36E0830053A449 /* Resources */ = {
			isa = PBXResourcesBuildPhase;
			buildActionMask = 2147483647;
			files = (
				7CBD57AD1E36E0840053A449 /* LaunchScreen.storyboard in Resources */,
				7CBD57AA1E36E0840053A449 /* Assets.xcassets in Resources */,
				7CBD57A81E36E0840053A449 /* Main.storyboard in Resources */,
			);
			runOnlyForDeploymentPostprocessing = 0;
		};
/* End PBXResourcesBuildPhase section */

/* Begin PBXSourcesBuildPhase section */
		7CBD579B1E36E0830053A449 /* Sources */ = {
			isa = PBXSourcesBuildPhase;
			buildActionMask = 2147483647;
			files = (
				7CBD57B71E36E1480053A449 /* datos.swift in Sources */,
				7CBD57A51E36E0830053A449 /* ViewController.swift in Sources */,
				7CBD57A31E36E0830053A449 /* AppDelegate.swift in Sources */,
				7C3A55961E384E4F00F9BB2E /* colores.swift in Sources */,
			);
			runOnlyForDeploymentPostprocessing = 0;
		};
/* End PBXSourcesBuildPhase section */

/* Begin PBXVariantGroup section */
		7CBD57A61E36E0840053A449 /* Main.storyboard */ = {
			isa = PBXVariantGroup;
			children = (
				7CBD57A71E36E0840053A449 /* Base */,
			);
			name = Main.storyboard;
			sourceTree = "<group>";
		};
		7CBD57AB1E36E0840053A449 /* LaunchScreen.storyboard */ = {
			isa = PBXVariantGroup;
			children = (
				7CBD57AC1E36E0840053A449 /* Base */,
			);
			name = LaunchScreen.storyboard;
			sourceTree = "<group>";
		};
/* End PBXVariantGroup section */

/* Begin XCBuildConfiguration section */
		7CBD57AF1E36E0840053A449 /* Debug */ = {
			isa = XCBuildConfiguration;
			buildSettings = {
				ALWAYS_SEARCH_USER_PATHS = NO;
				CLANG_ANALYZER_NONNULL = YES;
				CLANG_CXX_LANGUAGE_STANDARD = "gnu++0x";
				CLANG_CXX_LIBRARY = "libc++";
				CLANG_ENABLE_MODULES = YES;
				CLANG_ENABLE_OBJC_ARC = YES;
				CLANG_WARN_BOOL_CONVERSION = YES;
				CLANG_WARN_CONSTANT_CONVERSION = YES;
				CLANG_WARN_DIRECT_OBJC_ISA_USAGE = YES_ERROR;
				CLANG_WARN_DOCUMENTATION_COMMENTS = YES;
				CLANG_WARN_EMPTY_BODY = YES;
				CLANG_WARN_ENUM_CONVERSION = YES;
				CLANG_WARN_INFINITE_RECURSION = YES;
				CLANG_WARN_INT_CONVERSION = YES;
				CLANG_WARN_OBJC_ROOT_CLASS = YES_ERROR;
				CLANG_WARN_SUSPICIOUS_MOVE = YES;
				CLANG_WARN_SUSPICIOUS_MOVES = YES;
				CLANG_WARN_UNREACHABLE_CODE = YES;
				CLANG_WARN__DUPLICATE_METHOD_MATCH = YES;
				"CODE_SIGN_IDENTITY[sdk=iphoneos*]" = "iPhone Developer";
				COPY_PHASE_STRIP = NO;
				DEBUG_INFORMATION_FORMAT = dwarf;
				ENABLE_STRICT_OBJC_MSGSEND = YES;
				ENABLE_TESTABILITY = YES;
				GCC_C_LANGUAGE_STANDARD = gnu99;
				GCC_DYNAMIC_NO_PIC = NO;
				GCC_NO_COMMON_BLOCKS = YES;
				GCC_OPTIMIZATION_LEVEL = 0;
				GCC_PREPROCESSOR_DEFINITIONS = (
					"DEBUG=1",
					"$(inherited)",
				);
				GCC_WARN_64_TO_32_BIT_CONVERSION = YES;
				GCC_WARN_ABOUT_RETURN_TYPE = YES_ERROR;
				GCC_WARN_UNDECLARED_SELECTOR = YES;
				GCC_WARN_UNINITIALIZED_AUTOS = YES_AGGRESSIVE;
				GCC_WARN_UNUSED_FUNCTION = YES;
				GCC_WARN_UNUSED_VARIABLE = YES;
				IPHONEOS_DEPLOYMENT_TARGET = 10.1;
				MTL_ENABLE_DEBUG_INFO = YES;
				ONLY_ACTIVE_ARCH = YES;
				SDKROOT = iphoneos;
				SWIFT_ACTIVE_COMPILATION_CONDITIONS = DEBUG;
				SWIFT_OPTIMIZATION_LEVEL = "-Onone";
			};
			name = Debug;
		};
		7CBD57B01E36E0840053A449 /* Release */ = {
			isa = XCBuildConfiguration;
			buildSettings = {
				ALWAYS_SEARCH_USER_PATHS = NO;
				CLANG_ANALYZER_NONNULL = YES;
				CLANG_CXX_LANGUAGE_STANDARD = "gnu++0x";
				CLANG_CXX_LIBRARY = "libc++";
				CLANG_ENABLE_MODULES = YES;
				CLANG_ENABLE_OBJC_ARC = YES;
				CLANG_WARN_BOOL_CONVERSION = YES;
				CLANG_WARN_CONSTANT_CONVERSION = YES;
				CLANG_WARN_DIRECT_OBJC_ISA_USAGE = YES_ERROR;
				CLANG_WARN_DOCUMENTATION_COMMENTS = YES;
				CLANG_WARN_EMPTY_BODY = YES;
				CLANG_WARN_ENUM_CONVERSION = YES;
				CLANG_WARN_INFINITE_RECURSION = YES;
				CLANG_WARN_INT_CONVERSION = YES;
				CLANG_WARN_OBJC_ROOT_CLASS = YES_ERROR;
				CLANG_WARN_SUSPICIOUS_MOVE = YES;
				CLANG_WARN_SUSPICIOUS_MOVES = YES;
				CLANG_WARN_UNREACHABLE_CODE = YES;
				CLANG_WARN__DUPLICATE_METHOD_MATCH = YES;
				"CODE_SIGN_IDENTITY[sdk=iphoneos*]" = "iPhone Developer";
				COPY_PHASE_STRIP = NO;
				DEBUG_INFORMATION_FORMAT = "dwarf-with-dsym";
				ENABLE_NS_ASSERTIONS = NO;
				ENABLE_STRICT_OBJC_MSGSEND = YES;
				GCC_C_LANGUAGE_STANDARD = gnu99;
				GCC_NO_COMMON_BLOCKS = YES;
				GCC_WARN_64_TO_32_BIT_CONVERSION = YES;
				GCC_WARN_ABOUT_RETURN_TYPE = YES_ERROR;
				GCC_WARN_UNDECLARED_SELECTOR = YES;
				GCC_WARN_UNINITIALIZED_AUTOS = YES_AGGRESSIVE;
				GCC_WARN_UNUSED_FUNCTION = YES;
				GCC_WARN_UNUSED_VARIABLE = YES;
				IPHONEOS_DEPLOYMENT_TARGET = 10.1;
				MTL_ENABLE_DEBUG_INFO = NO;
				SDKROOT = iphoneos;
				SWIFT_OPTIMIZATION_LEVEL = "-Owholemodule";
				VALIDATE_PRODUCT = YES;
			};
			name = Release;
		};
		7CBD57B21E36E0840053A449 /* Debug */ = {
			isa = XCBuildConfiguration;
			buildSettings = {
				ASSETCATALOG_COMPILER_APPICON_NAME = AppIcon;
				INFOPLIST_FILE = Hamburguesas/Info.plist;
				LD_RUNPATH_SEARCH_PATHS = "$(inherited) @executable_path/Frameworks";
				PRODUCT_BUNDLE_IDENTIFIER = ve.espinorax.Hamburguesas;
				PRODUCT_NAME = "$(TARGET_NAME)";
				SWIFT_VERSION = 3.0;
			};
			name = Debug;
		};
		7CBD57B31E36E0840053A449 /* Release */ = {
			isa = XCBuildConfiguration;
			buildSettings = {
				ASSETCATALOG_COMPILER_APPICON_NAME = AppIcon;
				INFOPLIST_FILE = Hamburguesas/Info.plist;
				LD_RUNPATH_SEARCH_PATHS = "$(inherited) @executable_path/Frameworks";
				PRODUCT_BUNDLE_IDENTIFIER = ve.espinorax.Hamburguesas;
				PRODUCT_NAME = "$(TARGET_NAME)";
				SWIFT_VERSION = 3.0;
			};
			name = Release;
		};
/* End XCBuildConfiguration section */

/* Begin XCConfigurationList section */
		7CBD579A1E36E0830053A449 /* Build configuration list for PBXProject "Hamburguesas" */ = {
			isa = XCConfigurationList;
			buildConfigurations = (
				7CBD57AF1E36E0840053A449 /* Debug */,
				7CBD57B01E36E0840053A449 /* Release */,
			);
			defaultConfigurationIsVisible = 0;
			defaultConfigurationName = Release;
		};
		7CBD57B11E36E0840053A449 /* Build configuration list for PBXNativeTarget "Hamburguesas" */ = {
			isa = XCConfigurationList;
			buildConfigurations = (
				7CBD57B21E36E0840053A449 /* Debug */,
				7CBD57B31E36E0840053A449 /* Release */,
			);
			defaultConfigurationIsVisible = 0;
			defaultConfigurationName = Release;
		};
/* End XCConfigurationList section */
	};
	rootObject = 7CBD57971E36E0830053A449 /* Project object */;
}
